schema: '2.0'
stages:
  stage_01:
    cmd: python stage_01.py
    deps:
    - path: stage_01.py
      hash: md5
      md5: 865408a1a90c481ea4d11a51847d5d41
      size: 110
    outs:
    - path: artifact.txt
      hash: md5
      md5: 0c40dddc162e46b7a3df0e869463b6e5
      size: 52
  stage_02:
    cmd: python stage_02.py
    deps:
    - path: artifact.txt
      hash: md5
      md5: 0c40dddc162e46b7a3df0e869463b6e5
      size: 52
    - path: stage_02.py
      hash: md5
      md5: aa616dc487dbb3b8962d5a094098075e
      size: 146
  stage_03:
    cmd: python stage_03.py
    deps:
    - path: artifact.txt
      hash: md5
      md5: dac241f01f41347536cbd5205e146317
      size: 83
    - path: stage_03.py
      hash: md5
      md5: eb8ea8de7b9cb0476c0c51906b15d038
      size: 272
